// !$*UTF8*$!
{
	archiveVersion = 1;
	classes = {
	};
	objectVersion = 56;
	objects = {

/* Begin PBXBuildFile section */
		5A275D9428FACEFB00D85C5A /* Photo.swift in Sources */ = {isa = PBXBuildFile; fileRef = 5A275D9328FACEFB00D85C5A /* Photo.swift */; };
		5A3372A628FF10FA002DA0D7 /* AuthViewModel.swift in Sources */ = {isa = PBXBuildFile; fileRef = 5A3372A528FF10FA002DA0D7 /* AuthViewModel.swift */; };
		5A38A21528FD5CF400D68A25 /* RecentTableViewCell.swift in Sources */ = {isa = PBXBuildFile; fileRef = 5A38A21428FD5CF400D68A25 /* RecentTableViewCell.swift */; };
		5A38A21728FD5D5A00D68A25 /* RecentTableViewCell.xib in Resources */ = {isa = PBXBuildFile; fileRef = 5A38A21628FD5D5A00D68A25 /* RecentTableViewCell.xib */; };
		5A47BF7129000B3A0019B712 /* AuthViewController.swift in Sources */ = {isa = PBXBuildFile; fileRef = 5A47BF6F29000B3A0019B712 /* AuthViewController.swift */; };
		5A47BF7229000B3A0019B712 /* AuthViewController.xib in Resources */ = {isa = PBXBuildFile; fileRef = 5A47BF7029000B3A0019B712 /* AuthViewController.xib */; };
		5A47BF7529000CC70019B712 /* RecentViewController.swift in Sources */ = {isa = PBXBuildFile; fileRef = 5A47BF7329000CC70019B712 /* RecentViewController.swift */; };
		5A47BF7629000CC70019B712 /* RecentViewController.xib in Resources */ = {isa = PBXBuildFile; fileRef = 5A47BF7429000CC70019B712 /* RecentViewController.xib */; };
		5A4A756E28FD78D1000E3E4C /* SearchViewController.swift in Sources */ = {isa = PBXBuildFile; fileRef = 5A4A756C28FD78D1000E3E4C /* SearchViewController.swift */; };
		5A4A756F28FD78D1000E3E4C /* SearchViewController.xib in Resources */ = {isa = PBXBuildFile; fileRef = 5A4A756D28FD78D1000E3E4C /* SearchViewController.xib */; };
		5A4A757A28FD7EBB000E3E4C /* SearchCollectionViewCell.swift in Sources */ = {isa = PBXBuildFile; fileRef = 5A4A757828FD7EBB000E3E4C /* SearchCollectionViewCell.swift */; };
		5A4A757B28FD7EBB000E3E4C /* SearchCollectionViewCell.xib in Resources */ = {isa = PBXBuildFile; fileRef = 5A4A757928FD7EBB000E3E4C /* SearchCollectionViewCell.xib */; };
		5A4A758228FD9C2D000E3E4C /* ProfileViewController.swift in Sources */ = {isa = PBXBuildFile; fileRef = 5A4A758028FD9C2D000E3E4C /* ProfileViewController.swift */; };
		5A4A758328FD9C2D000E3E4C /* ProfileViewController.xib in Resources */ = {isa = PBXBuildFile; fileRef = 5A4A758128FD9C2D000E3E4C /* ProfileViewController.xib */; };
		5A4A758628FD9C51000E3E4C /* ProfileCollectionViewCell.swift in Sources */ = {isa = PBXBuildFile; fileRef = 5A4A758428FD9C51000E3E4C /* ProfileCollectionViewCell.swift */; };
		5A4A758728FD9C51000E3E4C /* ProfileCollectionViewCell.xib in Resources */ = {isa = PBXBuildFile; fileRef = 5A4A758528FD9C51000E3E4C /* ProfileCollectionViewCell.xib */; };
		5A64EB3D28F6F15900CA2E8F /* AppDelegate.swift in Sources */ = {isa = PBXBuildFile; fileRef = 5A64EB3C28F6F15900CA2E8F /* AppDelegate.swift */; };
		5A64EB4628F6F15900CA2E8F /* Assets.xcassets in Resources */ = {isa = PBXBuildFile; fileRef = 5A64EB4528F6F15900CA2E8F /* Assets.xcassets */; };
		5A64EB4928F6F15900CA2E8F /* LaunchScreen.storyboard in Resources */ = {isa = PBXBuildFile; fileRef = 5A64EB4728F6F15900CA2E8F /* LaunchScreen.storyboard */; };
		5A64EB5128F6F25C00CA2E8F /* GoogleService-Info.plist in Resources */ = {isa = PBXBuildFile; fileRef = 5A64EB5028F6F25C00CA2E8F /* GoogleService-Info.plist */; };
		5AFD246628F9760B00A6C6CD /* FlickrAPI.swift in Sources */ = {isa = PBXBuildFile; fileRef = 5AFD246528F9760B00A6C6CD /* FlickrAPI.swift */; };
		5AFD246928F982C300A6C6CD /* RecentViewModel.swift in Sources */ = {isa = PBXBuildFile; fileRef = 5AFD246828F982C300A6C6CD /* RecentViewModel.swift */; };
		5AFD246C28F9853900A6C6CD /* Photos.swift in Sources */ = {isa = PBXBuildFile; fileRef = 5AFD246B28F9853900A6C6CD /* Photos.swift */; };
		5AFD246E28F986AA00A6C6CD /* PhotosResponse.swift in Sources */ = {isa = PBXBuildFile; fileRef = 5AFD246D28F986AA00A6C6CD /* PhotosResponse.swift */; };
		AF3C753D53A1D884C71B6695 /* Pods_Flickr.framework in Frameworks */ = {isa = PBXBuildFile; fileRef = 5720CA0590BE82C010BF02D3 /* Pods_Flickr.framework */; };
/* End PBXBuildFile section */

/* Begin PBXFileReference section */
		3D7CBA8E42532434DF311A76 /* Pods-Flickr.debug.xcconfig */ = {isa = PBXFileReference; includeInIndex = 1; lastKnownFileType = text.xcconfig; name = "Pods-Flickr.debug.xcconfig"; path = "Target Support Files/Pods-Flickr/Pods-Flickr.debug.xcconfig"; sourceTree = "<group>"; };
		5720CA0590BE82C010BF02D3 /* Pods_Flickr.framework */ = {isa = PBXFileReference; explicitFileType = wrapper.framework; includeInIndex = 0; path = Pods_Flickr.framework; sourceTree = BUILT_PRODUCTS_DIR; };
		5A275D9328FACEFB00D85C5A /* Photo.swift */ = {isa = PBXFileReference; lastKnownFileType = sourcecode.swift; path = Photo.swift; sourceTree = "<group>"; };
		5A3372A528FF10FA002DA0D7 /* AuthViewModel.swift */ = {isa = PBXFileReference; lastKnownFileType = sourcecode.swift; path = AuthViewModel.swift; sourceTree = "<group>"; };
		5A38A21428FD5CF400D68A25 /* RecentTableViewCell.swift */ = {isa = PBXFileReference; lastKnownFileType = sourcecode.swift; path = RecentTableViewCell.swift; sourceTree = "<group>"; };
		5A38A21628FD5D5A00D68A25 /* RecentTableViewCell.xib */ = {isa = PBXFileReference; lastKnownFileType = file.xib; path = RecentTableViewCell.xib; sourceTree = "<group>"; };
		5A47BF6F29000B3A0019B712 /* AuthViewController.swift */ = {isa = PBXFileReference; lastKnownFileType = sourcecode.swift; path = AuthViewController.swift; sourceTree = "<group>"; };
		5A47BF7029000B3A0019B712 /* AuthViewController.xib */ = {isa = PBXFileReference; lastKnownFileType = file.xib; path = AuthViewController.xib; sourceTree = "<group>"; };
		5A47BF7329000CC70019B712 /* RecentViewController.swift */ = {isa = PBXFileReference; lastKnownFileType = sourcecode.swift; path = RecentViewController.swift; sourceTree = "<group>"; };
		5A47BF7429000CC70019B712 /* RecentViewController.xib */ = {isa = PBXFileReference; lastKnownFileType = file.xib; path = RecentViewController.xib; sourceTree = "<group>"; };
		5A4A756C28FD78D1000E3E4C /* SearchViewController.swift */ = {isa = PBXFileReference; lastKnownFileType = sourcecode.swift; path = SearchViewController.swift; sourceTree = "<group>"; };
		5A4A756D28FD78D1000E3E4C /* SearchViewController.xib */ = {isa = PBXFileReference; lastKnownFileType = file.xib; path = SearchViewController.xib; sourceTree = "<group>"; };
		5A4A757828FD7EBB000E3E4C /* SearchCollectionViewCell.swift */ = {isa = PBXFileReference; lastKnownFileType = sourcecode.swift; path = SearchCollectionViewCell.swift; sourceTree = "<group>"; };
		5A4A757928FD7EBB000E3E4C /* SearchCollectionViewCell.xib */ = {isa = PBXFileReference; lastKnownFileType = file.xib; path = SearchCollectionViewCell.xib; sourceTree = "<group>"; };
		5A4A758028FD9C2D000E3E4C /* ProfileViewController.swift */ = {isa = PBXFileReference; lastKnownFileType = sourcecode.swift; path = ProfileViewController.swift; sourceTree = "<group>"; };
		5A4A758128FD9C2D000E3E4C /* ProfileViewController.xib */ = {isa = PBXFileReference; lastKnownFileType = file.xib; path = ProfileViewController.xib; sourceTree = "<group>"; };
		5A4A758428FD9C51000E3E4C /* ProfileCollectionViewCell.swift */ = {isa = PBXFileReference; lastKnownFileType = sourcecode.swift; path = ProfileCollectionViewCell.swift; sourceTree = "<group>"; };
		5A4A758528FD9C51000E3E4C /* ProfileCollectionViewCell.xib */ = {isa = PBXFileReference; lastKnownFileType = file.xib; path = ProfileCollectionViewCell.xib; sourceTree = "<group>"; };
		5A64EB3928F6F15800CA2E8F /* Flickr.app */ = {isa = PBXFileReference; explicitFileType = wrapper.application; includeInIndex = 0; path = Flickr.app; sourceTree = BUILT_PRODUCTS_DIR; };
		5A64EB3C28F6F15900CA2E8F /* AppDelegate.swift */ = {isa = PBXFileReference; lastKnownFileType = sourcecode.swift; path = AppDelegate.swift; sourceTree = "<group>"; };
		5A64EB4528F6F15900CA2E8F /* Assets.xcassets */ = {isa = PBXFileReference; lastKnownFileType = folder.assetcatalog; path = Assets.xcassets; sourceTree = "<group>"; };
		5A64EB4828F6F15900CA2E8F /* Base */ = {isa = PBXFileReference; lastKnownFileType = file.storyboard; name = Base; path = Base.lproj/LaunchScreen.storyboard; sourceTree = "<group>"; };
		5A64EB4A28F6F15900CA2E8F /* Info.plist */ = {isa = PBXFileReference; lastKnownFileType = text.plist.xml; path = Info.plist; sourceTree = "<group>"; };
		5A64EB5028F6F25C00CA2E8F /* GoogleService-Info.plist */ = {isa = PBXFileReference; fileEncoding = 4; lastKnownFileType = text.plist.xml; path = "GoogleService-Info.plist"; sourceTree = "<group>"; };
		5AFD246528F9760B00A6C6CD /* FlickrAPI.swift */ = {isa = PBXFileReference; lastKnownFileType = sourcecode.swift; path = FlickrAPI.swift; sourceTree = "<group>"; };
		5AFD246828F982C300A6C6CD /* RecentViewModel.swift */ = {isa = PBXFileReference; lastKnownFileType = sourcecode.swift; path = RecentViewModel.swift; sourceTree = "<group>"; };
		5AFD246B28F9853900A6C6CD /* Photos.swift */ = {isa = PBXFileReference; lastKnownFileType = sourcecode.swift; path = Photos.swift; sourceTree = "<group>"; };
		5AFD246D28F986AA00A6C6CD /* PhotosResponse.swift */ = {isa = PBXFileReference; lastKnownFileType = sourcecode.swift; path = PhotosResponse.swift; sourceTree = "<group>"; };
		D954A1867E65CF3A234DF29F /* Pods-Flickr.release.xcconfig */ = {isa = PBXFileReference; includeInIndex = 1; lastKnownFileType = text.xcconfig; name = "Pods-Flickr.release.xcconfig"; path = "Target Support Files/Pods-Flickr/Pods-Flickr.release.xcconfig"; sourceTree = "<group>"; };
/* End PBXFileReference section */

/* Begin PBXFrameworksBuildPhase section */
		5A64EB3628F6F15800CA2E8F /* Frameworks */ = {
			isa = PBXFrameworksBuildPhase;
			buildActionMask = 2147483647;
			files = (
				AF3C753D53A1D884C71B6695 /* Pods_Flickr.framework in Frameworks */,
			);
			runOnlyForDeploymentPostprocessing = 0;
		};
/* End PBXFrameworksBuildPhase section */

/* Begin PBXGroup section */
		02E0401BDBE6C1412583150B /* Pods */ = {
			isa = PBXGroup;
			children = (
				3D7CBA8E42532434DF311A76 /* Pods-Flickr.debug.xcconfig */,
				D954A1867E65CF3A234DF29F /* Pods-Flickr.release.xcconfig */,
			);
			path = Pods;
			sourceTree = "<group>";
		};
		5644CACE7D98F95DE8B069DF /* Frameworks */ = {
			isa = PBXGroup;
			children = (
				5720CA0590BE82C010BF02D3 /* Pods_Flickr.framework */,
			);
			name = Frameworks;
			sourceTree = "<group>";
		};
		5A04D48728F729B2004A9ED8 /* Network */ = {
			isa = PBXGroup;
			children = (
				5AFD246528F9760B00A6C6CD /* FlickrAPI.swift */,
			);
			path = Network;
			sourceTree = "<group>";
		};
		5A33729E28FF0C6A002DA0D7 /* Controller */ = {
			isa = PBXGroup;
			children = (
				5A47BF6F29000B3A0019B712 /* AuthViewController.swift */,
				5A47BF7029000B3A0019B712 /* AuthViewController.xib */,
			);
			path = Controller;
			sourceTree = "<group>";
		};
		5A33729F28FF0C70002DA0D7 /* View */ = {
			isa = PBXGroup;
			children = (
			);
			path = View;
			sourceTree = "<group>";
		};
		5A3372A028FF0C7C002DA0D7 /* ViewModel */ = {
			isa = PBXGroup;
			children = (
				5A3372A528FF10FA002DA0D7 /* AuthViewModel.swift */,
			);
			path = ViewModel;
			sourceTree = "<group>";
		};
		5A38A21328FD5CAC00D68A25 /* RecentTableViewCell */ = {
			isa = PBXGroup;
			children = (
				5A38A21428FD5CF400D68A25 /* RecentTableViewCell.swift */,
				5A38A21628FD5D5A00D68A25 /* RecentTableViewCell.xib */,
			);
			path = RecentTableViewCell;
			sourceTree = "<group>";
		};
		5A38A21828FD783800D68A25 /* Search */ = {
			isa = PBXGroup;
			children = (
				5A4A757228FD7951000E3E4C /* ViewModel */,
				5A4A757128FD794C000E3E4C /* View */,
				5A4A757028FD7947000E3E4C /* Controller */,
			);
			path = Search;
			sourceTree = "<group>";
		};
		5A4A757028FD7947000E3E4C /* Controller */ = {
			isa = PBXGroup;
			children = (
				5A4A756C28FD78D1000E3E4C /* SearchViewController.swift */,
			);
			path = Controller;
			sourceTree = "<group>";
		};
		5A4A757128FD794C000E3E4C /* View */ = {
			isa = PBXGroup;
			children = (
				5A4A757328FD7E57000E3E4C /* SearchCollectionViewCell */,
				5A4A756D28FD78D1000E3E4C /* SearchViewController.xib */,
			);
			path = View;
			sourceTree = "<group>";
		};
		5A4A757228FD7951000E3E4C /* ViewModel */ = {
			isa = PBXGroup;
			children = (
			);
			path = ViewModel;
			sourceTree = "<group>";
		};
		5A4A757328FD7E57000E3E4C /* SearchCollectionViewCell */ = {
			isa = PBXGroup;
			children = (
				5A4A757828FD7EBB000E3E4C /* SearchCollectionViewCell.swift */,
				5A4A757928FD7EBB000E3E4C /* SearchCollectionViewCell.xib */,
			);
			path = SearchCollectionViewCell;
			sourceTree = "<group>";
		};
		5A4A757C28FD9BFD000E3E4C /* Profile */ = {
			isa = PBXGroup;
			children = (
				5A4A757F28FD9C0F000E3E4C /* ViewModel */,
				5A4A757E28FD9C09000E3E4C /* View */,
				5A4A757D28FD9C04000E3E4C /* Controller */,
			);
			path = Profile;
			sourceTree = "<group>";
		};
		5A4A757D28FD9C04000E3E4C /* Controller */ = {
			isa = PBXGroup;
			children = (
				5A4A758028FD9C2D000E3E4C /* ProfileViewController.swift */,
			);
			path = Controller;
			sourceTree = "<group>";
		};
		5A4A757E28FD9C09000E3E4C /* View */ = {
			isa = PBXGroup;
			children = (
				5A4A758828FD9C5B000E3E4C /* ProfileCollectionViewCell */,
				5A4A758128FD9C2D000E3E4C /* ProfileViewController.xib */,
			);
			path = View;
			sourceTree = "<group>";
		};
		5A4A757F28FD9C0F000E3E4C /* ViewModel */ = {
			isa = PBXGroup;
			children = (
			);
			path = ViewModel;
			sourceTree = "<group>";
		};
		5A4A758828FD9C5B000E3E4C /* ProfileCollectionViewCell */ = {
			isa = PBXGroup;
			children = (
				5A4A758428FD9C51000E3E4C /* ProfileCollectionViewCell.swift */,
				5A4A758528FD9C51000E3E4C /* ProfileCollectionViewCell.xib */,
			);
			path = ProfileCollectionViewCell;
			sourceTree = "<group>";
		};
		5A4A758928FDA50C000E3E4C /* Auth */ = {
			isa = PBXGroup;
			children = (
				5A3372A028FF0C7C002DA0D7 /* ViewModel */,
				5A33729F28FF0C70002DA0D7 /* View */,
				5A33729E28FF0C6A002DA0D7 /* Controller */,
			);
			path = Auth;
			sourceTree = "<group>";
		};
		5A64EB3028F6F15800CA2E8F = {
			isa = PBXGroup;
			children = (
				5A64EB3B28F6F15900CA2E8F /* Flickr */,
				5A64EB3A28F6F15800CA2E8F /* Products */,
				02E0401BDBE6C1412583150B /* Pods */,
				5644CACE7D98F95DE8B069DF /* Frameworks */,
			);
			sourceTree = "<group>";
		};
		5A64EB3A28F6F15800CA2E8F /* Products */ = {
			isa = PBXGroup;
			children = (
				5A64EB3928F6F15800CA2E8F /* Flickr.app */,
			);
			name = Products;
			sourceTree = "<group>";
		};
		5A64EB3B28F6F15900CA2E8F /* Flickr */ = {
			isa = PBXGroup;
			children = (
				5A64EB5B28F705A300CA2E8F /* Screen */,
				5A64EB5A28F7059E00CA2E8F /* App */,
				5A64EB5028F6F25C00CA2E8F /* GoogleService-Info.plist */,
			);
			path = Flickr;
			sourceTree = "<group>";
		};
		5A64EB5A28F7059E00CA2E8F /* App */ = {
			isa = PBXGroup;
			children = (
				5AFD246428F9759100A6C6CD /* Core */,
				5A64EB5F28F705E200CA2E8F /* View */,
				5A64EB5E28F705D800CA2E8F /* Assets */,
				5A64EB5D28F705B600CA2E8F /* Plists */,
				5A64EB5C28F705AB00CA2E8F /* Delegate */,
			);
			path = App;
			sourceTree = "<group>";
		};
		5A64EB5B28F705A300CA2E8F /* Screen */ = {
			isa = PBXGroup;
			children = (
				5A4A758928FDA50C000E3E4C /* Auth */,
				5A4A757C28FD9BFD000E3E4C /* Profile */,
				5A38A21828FD783800D68A25 /* Search */,
				5AFD245D28F96DF400A6C6CD /* Recent */,
			);
			path = Screen;
			sourceTree = "<group>";
		};
		5A64EB5C28F705AB00CA2E8F /* Delegate */ = {
			isa = PBXGroup;
			children = (
				5A64EB3C28F6F15900CA2E8F /* AppDelegate.swift */,
			);
			path = Delegate;
			sourceTree = "<group>";
		};
		5A64EB5D28F705B600CA2E8F /* Plists */ = {
			isa = PBXGroup;
			children = (
				5A64EB4A28F6F15900CA2E8F /* Info.plist */,
			);
			path = Plists;
			sourceTree = "<group>";
		};
		5A64EB5E28F705D800CA2E8F /* Assets */ = {
			isa = PBXGroup;
			children = (
				5A64EB4528F6F15900CA2E8F /* Assets.xcassets */,
			);
			path = Assets;
			sourceTree = "<group>";
		};
		5A64EB5F28F705E200CA2E8F /* View */ = {
			isa = PBXGroup;
			children = (
				5A64EB4728F6F15900CA2E8F /* LaunchScreen.storyboard */,
			);
			path = View;
			sourceTree = "<group>";
		};
		5AFD245D28F96DF400A6C6CD /* Recent */ = {
			isa = PBXGroup;
			children = (
				5AFD246A28F9852300A6C6CD /* Model */,
				5AFD246728F982AC00A6C6CD /* ViewModel */,
				5AFD246328F96E6300A6C6CD /* View */,
				5AFD246228F96E5D00A6C6CD /* Controller */,
			);
			path = Recent;
			sourceTree = "<group>";
		};
		5AFD246228F96E5D00A6C6CD /* Controller */ = {
			isa = PBXGroup;
			children = (
				5A47BF7329000CC70019B712 /* RecentViewController.swift */,
				5A47BF7429000CC70019B712 /* RecentViewController.xib */,
			);
			path = Controller;
			sourceTree = "<group>";
		};
		5AFD246328F96E6300A6C6CD /* View */ = {
			isa = PBXGroup;
			children = (
				5A38A21328FD5CAC00D68A25 /* RecentTableViewCell */,
			);
			path = View;
			sourceTree = "<group>";
		};
		5AFD246428F9759100A6C6CD /* Core */ = {
			isa = PBXGroup;
			children = (
				5A04D48728F729B2004A9ED8 /* Network */,
			);
			path = Core;
			sourceTree = "<group>";
		};
		5AFD246728F982AC00A6C6CD /* ViewModel */ = {
			isa = PBXGroup;
			children = (
				5AFD246828F982C300A6C6CD /* RecentViewModel.swift */,
			);
			path = ViewModel;
			sourceTree = "<group>";
		};
		5AFD246A28F9852300A6C6CD /* Model */ = {
			isa = PBXGroup;
			children = (
				5AFD246B28F9853900A6C6CD /* Photos.swift */,
				5AFD246D28F986AA00A6C6CD /* PhotosResponse.swift */,
				5A275D9328FACEFB00D85C5A /* Photo.swift */,
			);
			path = Model;
			sourceTree = "<group>";
		};
/* End PBXGroup section */

/* Begin PBXNativeTarget section */
		5A64EB3828F6F15800CA2E8F /* Flickr */ = {
			isa = PBXNativeTarget;
			buildConfigurationList = 5A64EB4D28F6F15900CA2E8F /* Build configuration list for PBXNativeTarget "Flickr" */;
			buildPhases = (
				1A0ABE28CEBFFCF2104C4600 /* [CP] Check Pods Manifest.lock */,
				5A64EB3528F6F15800CA2E8F /* Sources */,
				5A64EB3628F6F15800CA2E8F /* Frameworks */,
				5A64EB3728F6F15800CA2E8F /* Resources */,
				8C0972EA4D7F7DCD432FA3E0 /* [CP] Embed Pods Frameworks */,
			);
			buildRules = (
			);
			dependencies = (
			);
			name = Flickr;
			productName = Flickr;
			productReference = 5A64EB3928F6F15800CA2E8F /* Flickr.app */;
			productType = "com.apple.product-type.application";
		};
/* End PBXNativeTarget section */

/* Begin PBXProject section */
		5A64EB3128F6F15800CA2E8F /* Project object */ = {
			isa = PBXProject;
			attributes = {
				BuildIndependentTargetsInParallel = 1;
				LastSwiftUpdateCheck = 1400;
				LastUpgradeCheck = 1400;
				TargetAttributes = {
					5A64EB3828F6F15800CA2E8F = {
						CreatedOnToolsVersion = 14.0.1;
					};
				};
			};
			buildConfigurationList = 5A64EB3428F6F15800CA2E8F /* Build configuration list for PBXProject "Flickr" */;
			compatibilityVersion = "Xcode 14.0";
			developmentRegion = en;
			hasScannedForEncodings = 0;
			knownRegions = (
				en,
				Base,
			);
			mainGroup = 5A64EB3028F6F15800CA2E8F;
			productRefGroup = 5A64EB3A28F6F15800CA2E8F /* Products */;
			projectDirPath = "";
			projectRoot = "";
			targets = (
				5A64EB3828F6F15800CA2E8F /* Flickr */,
			);
		};
/* End PBXProject section */

/* Begin PBXResourcesBuildPhase section */
		5A64EB3728F6F15800CA2E8F /* Resources */ = {
			isa = PBXResourcesBuildPhase;
			buildActionMask = 2147483647;
			files = (
				5A4A757B28FD7EBB000E3E4C /* SearchCollectionViewCell.xib in Resources */,
				5A38A21728FD5D5A00D68A25 /* RecentTableViewCell.xib in Resources */,
				5A4A758728FD9C51000E3E4C /* ProfileCollectionViewCell.xib in Resources */,
				5A47BF7629000CC70019B712 /* RecentViewController.xib in Resources */,
				5A4A758328FD9C2D000E3E4C /* ProfileViewController.xib in Resources */,
				5A47BF7229000B3A0019B712 /* AuthViewController.xib in Resources */,
				5A64EB4928F6F15900CA2E8F /* LaunchScreen.storyboard in Resources */,
				5A4A756F28FD78D1000E3E4C /* SearchViewController.xib in Resources */,
				5A64EB5128F6F25C00CA2E8F /* GoogleService-Info.plist in Resources */,
				5A64EB4628F6F15900CA2E8F /* Assets.xcassets in Resources */,
			);
			runOnlyForDeploymentPostprocessing = 0;
		};
/* End PBXResourcesBuildPhase section */

/* Begin PBXShellScriptBuildPhase section */
		1A0ABE28CEBFFCF2104C4600 /* [CP] Check Pods Manifest.lock */ = {
			isa = PBXShellScriptBuildPhase;
			buildActionMask = 2147483647;
			files = (
			);
			inputFileListPaths = (
			);
			inputPaths = (
				"${PODS_PODFILE_DIR_PATH}/Podfile.lock",
				"${PODS_ROOT}/Manifest.lock",
			);
			name = "[CP] Check Pods Manifest.lock";
			outputFileListPaths = (
			);
			outputPaths = (
				"$(DERIVED_FILE_DIR)/Pods-Flickr-checkManifestLockResult.txt",
			);
			runOnlyForDeploymentPostprocessing = 0;
			shellPath = /bin/sh;
			shellScript = "diff \"${PODS_PODFILE_DIR_PATH}/Podfile.lock\" \"${PODS_ROOT}/Manifest.lock\" > /dev/null\nif [ $? != 0 ] ; then\n    # print error to STDERR\n    echo \"error: The sandbox is not in sync with the Podfile.lock. Run 'pod install' or update your CocoaPods installation.\" >&2\n    exit 1\nfi\n# This output is used by Xcode 'outputs' to avoid re-running this script phase.\necho \"SUCCESS\" > \"${SCRIPT_OUTPUT_FILE_0}\"\n";
			showEnvVarsInLog = 0;
		};
		8C0972EA4D7F7DCD432FA3E0 /* [CP] Embed Pods Frameworks */ = {
			isa = PBXShellScriptBuildPhase;
			buildActionMask = 2147483647;
			files = (
			);
			inputFileListPaths = (
				"${PODS_ROOT}/Target Support Files/Pods-Flickr/Pods-Flickr-frameworks-${CONFIGURATION}-input-files.xcfilelist",
			);
			name = "[CP] Embed Pods Frameworks";
			outputFileListPaths = (
				"${PODS_ROOT}/Target Support Files/Pods-Flickr/Pods-Flickr-frameworks-${CONFIGURATION}-output-files.xcfilelist",
			);
			runOnlyForDeploymentPostprocessing = 0;
			shellPath = /bin/sh;
			shellScript = "\"${PODS_ROOT}/Target Support Files/Pods-Flickr/Pods-Flickr-frameworks.sh\"\n";
			showEnvVarsInLog = 0;
		};
/* End PBXShellScriptBuildPhase section */

/* Begin PBXSourcesBuildPhase section */
		5A64EB3528F6F15800CA2E8F /* Sources */ = {
			isa = PBXSourcesBuildPhase;
			buildActionMask = 2147483647;
			files = (
				5A38A21528FD5CF400D68A25 /* RecentTableViewCell.swift in Sources */,
				5A47BF7529000CC70019B712 /* RecentViewController.swift in Sources */,
				5A275D9428FACEFB00D85C5A /* Photo.swift in Sources */,
				5AFD246628F9760B00A6C6CD /* FlickrAPI.swift in Sources */,
				5A4A756E28FD78D1000E3E4C /* SearchViewController.swift in Sources */,
				5A4A757A28FD7EBB000E3E4C /* SearchCollectionViewCell.swift in Sources */,
				5AFD246928F982C300A6C6CD /* RecentViewModel.swift in Sources */,
				5A4A758228FD9C2D000E3E4C /* ProfileViewController.swift in Sources */,
				5AFD246E28F986AA00A6C6CD /* PhotosResponse.swift in Sources */,
				5A3372A628FF10FA002DA0D7 /* AuthViewModel.swift in Sources */,
				5A47BF7129000B3A0019B712 /* AuthViewController.swift in Sources */,
				5AFD246C28F9853900A6C6CD /* Photos.swift in Sources */,
				5A4A758628FD9C51000E3E4C /* ProfileCollectionViewCell.swift in Sources */,
				5A64EB3D28F6F15900CA2E8F /* AppDelegate.swift in Sources */,
			);
			runOnlyForDeploymentPostprocessing = 0;
		};
/* End PBXSourcesBuildPhase section */

/* Begin PBXVariantGroup section */
		5A64EB4728F6F15900CA2E8F /* LaunchScreen.storyboard */ = {
			isa = PBXVariantGroup;
			children = (
				5A64EB4828F6F15900CA2E8F /* Base */,
			);
			name = LaunchScreen.storyboard;
			sourceTree = "<group>";
		};
/* End PBXVariantGroup section */

/* Begin XCBuildConfiguration section */
		5A64EB4B28F6F15900CA2E8F /* Debug */ = {
			isa = XCBuildConfiguration;
			buildSettings = {
				ALWAYS_SEARCH_USER_PATHS = NO;
				CLANG_ANALYZER_NONNULL = YES;
				CLANG_ANALYZER_NUMBER_OBJECT_CONVERSION = YES_AGGRESSIVE;
				CLANG_CXX_LANGUAGE_STANDARD = "gnu++20";
				CLANG_ENABLE_MODULES = YES;
				CLANG_ENABLE_OBJC_ARC = YES;
				CLANG_ENABLE_OBJC_WEAK = YES;
				CLANG_WARN_BLOCK_CAPTURE_AUTORELEASING = YES;
				CLANG_WARN_BOOL_CONVERSION = YES;
				CLANG_WARN_COMMA = YES;
				CLANG_WARN_CONSTANT_CONVERSION = YES;
				CLANG_WARN_DEPRECATED_OBJC_IMPLEMENTATIONS = YES;
				CLANG_WARN_DIRECT_OBJC_ISA_USAGE = YES_ERROR;
				CLANG_WARN_DOCUMENTATION_COMMENTS = YES;
				CLANG_WARN_EMPTY_BODY = YES;
				CLANG_WARN_ENUM_CONVERSION = YES;
				CLANG_WARN_INFINITE_RECURSION = YES;
				CLANG_WARN_INT_CONVERSION = YES;
				CLANG_WARN_NON_LITERAL_NULL_CONVERSION = YES;
				CLANG_WARN_OBJC_IMPLICIT_RETAIN_SELF = YES;
				CLANG_WARN_OBJC_LITERAL_CONVERSION = YES;
				CLANG_WARN_OBJC_ROOT_CLASS = YES_ERROR;
				CLANG_WARN_QUOTED_INCLUDE_IN_FRAMEWORK_HEADER = YES;
				CLANG_WARN_RANGE_LOOP_ANALYSIS = YES;
				CLANG_WARN_STRICT_PROTOTYPES = YES;
				CLANG_WARN_SUSPICIOUS_MOVE = YES;
				CLANG_WARN_UNGUARDED_AVAILABILITY = YES_AGGRESSIVE;
				CLANG_WARN_UNREACHABLE_CODE = YES;
				CLANG_WARN__DUPLICATE_METHOD_MATCH = YES;
				COPY_PHASE_STRIP = NO;
				DEBUG_INFORMATION_FORMAT = dwarf;
				ENABLE_STRICT_OBJC_MSGSEND = YES;
				ENABLE_TESTABILITY = YES;
				GCC_C_LANGUAGE_STANDARD = gnu11;
				GCC_DYNAMIC_NO_PIC = NO;
				GCC_NO_COMMON_BLOCKS = YES;
				GCC_OPTIMIZATION_LEVEL = 0;
				GCC_PREPROCESSOR_DEFINITIONS = (
					"DEBUG=1",
					"$(inherited)",
				);
				GCC_WARN_64_TO_32_BIT_CONVERSION = YES;
				GCC_WARN_ABOUT_RETURN_TYPE = YES_ERROR;
				GCC_WARN_UNDECLARED_SELECTOR = YES;
				GCC_WARN_UNINITIALIZED_AUTOS = YES_AGGRESSIVE;
				GCC_WARN_UNUSED_FUNCTION = YES;
				GCC_WARN_UNUSED_VARIABLE = YES;
				IPHONEOS_DEPLOYMENT_TARGET = 16.0;
				MTL_ENABLE_DEBUG_INFO = INCLUDE_SOURCE;
				MTL_FAST_MATH = YES;
				ONLY_ACTIVE_ARCH = YES;
				SDKROOT = iphoneos;
				SWIFT_ACTIVE_COMPILATION_CONDITIONS = DEBUG;
				SWIFT_OPTIMIZATION_LEVEL = "-Onone";
			};
			name = Debug;
		};
		5A64EB4C28F6F15900CA2E8F /* Release */ = {
			isa = XCBuildConfiguration;
			buildSettings = {
				ALWAYS_SEARCH_USER_PATHS = NO;
				CLANG_ANALYZER_NONNULL = YES;
				CLANG_ANALYZER_NUMBER_OBJECT_CONVERSION = YES_AGGRESSIVE;
				CLANG_CXX_LANGUAGE_STANDARD = "gnu++20";
				CLANG_ENABLE_MODULES = YES;
				CLANG_ENABLE_OBJC_ARC = YES;
				CLANG_ENABLE_OBJC_WEAK = YES;
				CLANG_WARN_BLOCK_CAPTURE_AUTORELEASING = YES;
				CLANG_WARN_BOOL_CONVERSION = YES;
				CLANG_WARN_COMMA = YES;
				CLANG_WARN_CONSTANT_CONVERSION = YES;
				CLANG_WARN_DEPRECATED_OBJC_IMPLEMENTATIONS = YES;
				CLANG_WARN_DIRECT_OBJC_ISA_USAGE = YES_ERROR;
				CLANG_WARN_DOCUMENTATION_COMMENTS = YES;
				CLANG_WARN_EMPTY_BODY = YES;
				CLANG_WARN_ENUM_CONVERSION = YES;
				CLANG_WARN_INFINITE_RECURSION = YES;
				CLANG_WARN_INT_CONVERSION = YES;
				CLANG_WARN_NON_LITERAL_NULL_CONVERSION = YES;
				CLANG_WARN_OBJC_IMPLICIT_RETAIN_SELF = YES;
				CLANG_WARN_OBJC_LITERAL_CONVERSION = YES;
				CLANG_WARN_OBJC_ROOT_CLASS = YES_ERROR;
				CLANG_WARN_QUOTED_INCLUDE_IN_FRAMEWORK_HEADER = YES;
				CLANG_WARN_RANGE_LOOP_ANALYSIS = YES;
				CLANG_WARN_STRICT_PROTOTYPES = YES;
				CLANG_WARN_SUSPICIOUS_MOVE = YES;
				CLANG_WARN_UNGUARDED_AVAILABILITY = YES_AGGRESSIVE;
				CLANG_WARN_UNREACHABLE_CODE = YES;
				CLANG_WARN__DUPLICATE_METHOD_MATCH = YES;
				COPY_PHASE_STRIP = NO;
				DEBUG_INFORMATION_FORMAT = "dwarf-with-dsym";
				ENABLE_NS_ASSERTIONS = NO;
				ENABLE_STRICT_OBJC_MSGSEND = YES;
				GCC_C_LANGUAGE_STANDARD = gnu11;
				GCC_NO_COMMON_BLOCKS = YES;
				GCC_WARN_64_TO_32_BIT_CONVERSION = YES;
				GCC_WARN_ABOUT_RETURN_TYPE = YES_ERROR;
				GCC_WARN_UNDECLARED_SELECTOR = YES;
				GCC_WARN_UNINITIALIZED_AUTOS = YES_AGGRESSIVE;
				GCC_WARN_UNUSED_FUNCTION = YES;
				GCC_WARN_UNUSED_VARIABLE = YES;
				IPHONEOS_DEPLOYMENT_TARGET = 16.0;
				MTL_ENABLE_DEBUG_INFO = NO;
				MTL_FAST_MATH = YES;
				SDKROOT = iphoneos;
				SWIFT_COMPILATION_MODE = wholemodule;
				SWIFT_OPTIMIZATION_LEVEL = "-O";
				VALIDATE_PRODUCT = YES;
			};
			name = Release;
		};
		5A64EB4E28F6F15900CA2E8F /* Debug */ = {
			isa = XCBuildConfiguration;
			baseConfigurationReference = 3D7CBA8E42532434DF311A76 /* Pods-Flickr.debug.xcconfig */;
			buildSettings = {
				ASSETCATALOG_COMPILER_APPICON_NAME = AppIcon;
				ASSETCATALOG_COMPILER_GLOBAL_ACCENT_COLOR_NAME = AccentColor;
				CODE_SIGN_STYLE = Automatic;
				CURRENT_PROJECT_VERSION = 1;
				DEVELOPMENT_TEAM = ATFVW4W7F2;
				GENERATE_INFOPLIST_FILE = YES;
				INFOPLIST_FILE = Flickr/App/Plists/Info.plist;
				INFOPLIST_KEY_UIApplicationSupportsIndirectInputEvents = YES;
				INFOPLIST_KEY_UILaunchStoryboardName = LaunchScreen;
				INFOPLIST_KEY_UIMainStoryboardFile = "";
				INFOPLIST_KEY_UISupportedInterfaceOrientations_iPad = "UIInterfaceOrientationPortrait UIInterfaceOrientationPortraitUpsideDown UIInterfaceOrientationLandscapeLeft UIInterfaceOrientationLandscapeRight";
				INFOPLIST_KEY_UISupportedInterfaceOrientations_iPhone = "UIInterfaceOrientationPortrait UIInterfaceOrientationLandscapeLeft UIInterfaceOrientationLandscapeRight";
				IPHONEOS_DEPLOYMENT_TARGET = 14.0;
				LD_RUNPATH_SEARCH_PATHS = (
					"$(inherited)",
					"@executable_path/Frameworks",
				);
				MARKETING_VERSION = 1.0;
				PRODUCT_BUNDLE_IDENTIFIER = com.sevvaltiraslar.Flickr;
				PRODUCT_NAME = "$(TARGET_NAME)";
				SWIFT_EMIT_LOC_STRINGS = YES;
				SWIFT_VERSION = 5.0;
				TARGETED_DEVICE_FAMILY = "1,2";
			};
			name = Debug;
		};
		5A64EB4F28F6F15900CA2E8F /* Release */ = {
			isa = XCBuildConfiguration;
			baseConfigurationReference = D954A1867E65CF3A234DF29F /* Pods-Flickr.release.xcconfig */;
			buildSettings = {
				ASSETCATALOG_COMPILER_APPICON_NAME = AppIcon;
				ASSETCATALOG_COMPILER_GLOBAL_ACCENT_COLOR_NAME = AccentColor;
				CODE_SIGN_STYLE = Automatic;
				CURRENT_PROJECT_VERSION = 1;
				DEVELOPMENT_TEAM = ATFVW4W7F2;
				GENERATE_INFOPLIST_FILE = YES;
				INFOPLIST_FILE = Flickr/App/Plists/Info.plist;
				INFOPLIST_KEY_UIApplicationSupportsIndirectInputEvents = YES;
				INFOPLIST_KEY_UILaunchStoryboardName = LaunchScreen;
				INFOPLIST_KEY_UIMainStoryboardFile = "";
				INFOPLIST_KEY_UISupportedInterfaceOrientations_iPad = "UIInterfaceOrientationPortrait UIInterfaceOrientationPortraitUpsideDown UIInterfaceOrientationLandscapeLeft UIInterfaceOrientationLandscapeRight";
				INFOPLIST_KEY_UISupportedInterfaceOrientations_iPhone = "UIInterfaceOrientationPortrait UIInterfaceOrientationLandscapeLeft UIInterfaceOrientationLandscapeRight";
				IPHONEOS_DEPLOYMENT_TARGET = 14.0;
				LD_RUNPATH_SEARCH_PATHS = (
					"$(inherited)",
					"@executable_path/Frameworks",
				);
				MARKETING_VERSION = 1.0;
				PRODUCT_BUNDLE_IDENTIFIER = com.sevvaltiraslar.Flickr;
				PRODUCT_NAME = "$(TARGET_NAME)";
				SWIFT_EMIT_LOC_STRINGS = YES;
				SWIFT_VERSION = 5.0;
				TARGETED_DEVICE_FAMILY = "1,2";
			};
			name = Release;
		};
/* End XCBuildConfiguration section */

/* Begin XCConfigurationList section */
		5A64EB3428F6F15800CA2E8F /* Build configuration list for PBXProject "Flickr" */ = {
			isa = XCConfigurationList;
			buildConfigurations = (
				5A64EB4B28F6F15900CA2E8F /* Debug */,
				5A64EB4C28F6F15900CA2E8F /* Release */,
			);
			defaultConfigurationIsVisible = 0;
			defaultConfigurationName = Release;
		};
		5A64EB4D28F6F15900CA2E8F /* Build configuration list for PBXNativeTarget "Flickr" */ = {
			isa = XCConfigurationList;
			buildConfigurations = (
				5A64EB4E28F6F15900CA2E8F /* Debug */,
				5A64EB4F28F6F15900CA2E8F /* Release */,
			);
			defaultConfigurationIsVisible = 0;
			defaultConfigurationName = Release;
		};
/* End XCConfigurationList section */
	};
	rootObject = 5A64EB3128F6F15800CA2E8F /* Project object */;
}
